
Microsoft Visual Studio Solution File, Format Version 12.00
Project("{FAE04EC0-301F-11D3-BF4B-00C04F79EFBC}") = "irs", "irs\irs.csproj", "{3A199F89-8144-4253-A839-037F428C4297}"
EndProject
Project("{FAE04EC0-301F-11D3-BF4B-00C04F79EFBC}") = "irs.Tests", "irs.Tests\irs.Tests.csproj", "{19EBC683-E2B6-427D-8CEA-70B7219D1EA6}"
EndProject
Global
	GlobalSection(SolutionConfigurationPlatforms) = preSolution
		Debug|Any CPU = Debug|Any CPU
		Release|Any CPU = Release|Any CPU
	EndGlobalSection
	GlobalSection(ProjectConfigurationPlatforms) = postSolution
		{3A199F89-8144-4253-A839-037F428C4297}.Debug|Any CPU.ActiveCfg = Debug|Any CPU
		{3A199F89-8144-4253-A839-037F428C4297}.Debug|Any CPU.Build.0 = Debug|Any CPU
		{3A199F89-8144-4253-A839-037F428C4297}.Release|Any CPU.ActiveCfg = Release|Any CPU
		{3A199F89-8144-4253-A839-037F428C4297}.Release|Any CPU.Build.0 = Release|Any CPU
		{19EBC683-E2B6-427D-8CEA-70B7219D1EA6}.Debug|Any CPU.ActiveCfg = Debug|Any CPU
		{19EBC683-E2B6-427D-8CEA-70B7219D1EA6}.Debug|Any CPU.Build.0 = Debug|Any CPU
		{19EBC683-E2B6-427D-8CEA-70B7219D1EA6}.Release|Any CPU.ActiveCfg = Release|Any CPU
		{19EBC683-E2B6-427D-8CEA-70B7219D1EA6}.Release|Any CPU.Build.0 = Release|Any CPU
	EndGlobalSection
EndGlobal
